// !$*UTF8*$!
{
	archiveVersion = 1;
	classes = {
	};
	objectVersion = 46;
	objects = {

/* Begin PBXBuildFile section */
		D8CE17301BAE228F00DE22DA /* lmdb.h in Headers */ = {isa = PBXBuildFile; fileRef = D8CE172C1BAE228F00DE22DA /* lmdb.h */; settings = {ATTRIBUTES = (Public, ); }; };
		D8CE17311BAE228F00DE22DA /* mdb.c in Sources */ = {isa = PBXBuildFile; fileRef = D8CE172D1BAE228F00DE22DA /* mdb.c */; settings = {ASSET_TAGS = (); }; };
		D8CE17321BAE228F00DE22DA /* midl.c in Sources */ = {isa = PBXBuildFile; fileRef = D8CE172E1BAE228F00DE22DA /* midl.c */; settings = {ASSET_TAGS = (); }; };
		D8CE17331BAE228F00DE22DA /* midl.h in Headers */ = {isa = PBXBuildFile; fileRef = D8CE172F1BAE228F00DE22DA /* midl.h */; settings = {ASSET_TAGS = (); }; };
/* End PBXBuildFile section */

/* Begin PBXFileReference section */
		D8CE17211BAE220C00DE22DA /* LMDB.framework */ = {isa = PBXFileReference; explicitFileType = wrapper.framework; includeInIndex = 0; path = LMDB.framework; sourceTree = BUILT_PRODUCTS_DIR; };
		D8CE17261BAE220C00DE22DA /* Info.plist */ = {isa = PBXFileReference; lastKnownFileType = text.plist.xml; path = Info.plist; sourceTree = "<group>"; };
		D8CE172C1BAE228F00DE22DA /* lmdb.h */ = {isa = PBXFileReference; fileEncoding = 4; lastKnownFileType = sourcecode.c.h; path = lmdb.h; sourceTree = "<group>"; };
		D8CE172D1BAE228F00DE22DA /* mdb.c */ = {isa = PBXFileReference; fileEncoding = 4; lastKnownFileType = sourcecode.c.c; path = mdb.c; sourceTree = "<group>"; };
		D8CE172E1BAE228F00DE22DA /* midl.c */ = {isa = PBXFileReference; fileEncoding = 4; lastKnownFileType = sourcecode.c.c; path = midl.c; sourceTree = "<group>"; };
		D8CE172F1BAE228F00DE22DA /* midl.h */ = {isa = PBXFileReference; fileEncoding = 4; lastKnownFileType = sourcecode.c.h; path = midl.h; sourceTree = "<group>"; };
/* End PBXFileReference section */

/* Begin PBXFrameworksBuildPhase section */
		D8CE171D1BAE220C00DE22DA /* Frameworks */ = {
			isa = PBXFrameworksBuildPhase;
			buildActionMask = 2147483647;
			files = (
			);
			runOnlyForDeploymentPostprocessing = 0;
		};
/* End PBXFrameworksBuildPhase section */

/* Begin PBXGroup section */
		D8CE17171BAE220C00DE22DA = {
			isa = PBXGroup;
			children = (
				D8CE17231BAE220C00DE22DA /* Source */,
				D8CE17221BAE220C00DE22DA /* Products */,
			);
			sourceTree = "<group>";
		};
		D8CE17221BAE220C00DE22DA /* Products */ = {
			isa = PBXGroup;
			children = (
				D8CE17211BAE220C00DE22DA /* LMDB.framework */,
			);
			name = Products;
			sourceTree = "<group>";
		};
		D8CE17231BAE220C00DE22DA /* Source */ = {
			isa = PBXGroup;
			children = (
				D8CE172C1BAE228F00DE22DA /* lmdb.h */,
				D8CE172D1BAE228F00DE22DA /* mdb.c */,
				D8CE172E1BAE228F00DE22DA /* midl.c */,
				D8CE172F1BAE228F00DE22DA /* midl.h */,
				D8CE17261BAE220C00DE22DA /* Info.plist */,
			);
			path = Source;
			sourceTree = "<group>";
		};
/* End PBXGroup section */

/* Begin PBXHeadersBuildPhase section */
		D8CE171E1BAE220C00DE22DA /* Headers */ = {
			isa = PBXHeadersBuildPhase;
			buildActionMask = 2147483647;
			files = (
				D8CE17331BAE228F00DE22DA /* midl.h in Headers */,
				D8CE17301BAE228F00DE22DA /* lmdb.h in Headers */,
			);
			runOnlyForDeploymentPostprocessing = 0;
		};
/* End PBXHeadersBuildPhase section */

/* Begin PBXNativeTarget section */
		D8CE17201BAE220C00DE22DA /* LMDB-Mac */ = {
			isa = PBXNativeTarget;
			buildConfigurationList = D8CE17291BAE220C00DE22DA /* Build configuration list for PBXNativeTarget "LMDB-Mac" */;
			buildPhases = (
				D8CE171C1BAE220C00DE22DA /* Sources */,
				D8CE171D1BAE220C00DE22DA /* Frameworks */,
				D8CE171E1BAE220C00DE22DA /* Headers */,
				D8CE171F1BAE220C00DE22DA /* Resources */,
			);
			buildRules = (
			);
			dependencies = (
			);
			name = "LMDB-Mac";
			productName = LMDB;
			productReference = D8CE17211BAE220C00DE22DA /* LMDB.framework */;
			productType = "com.apple.product-type.framework";
		};
/* End PBXNativeTarget section */

/* Begin PBXProject section */
		D8CE17181BAE220C00DE22DA /* Project object */ = {
			isa = PBXProject;
			attributes = {
				LastUpgradeCheck = 0700;
				ORGANIZATIONNAME = "Neil Pankey";
				TargetAttributes = {
					D8CE17201BAE220C00DE22DA = {
						CreatedOnToolsVersion = 7.0;
					};
				};
			};
			buildConfigurationList = D8CE171B1BAE220C00DE22DA /* Build configuration list for PBXProject "LMDB" */;
			compatibilityVersion = "Xcode 3.2";
			developmentRegion = English;
			hasScannedForEncodings = 0;
			knownRegions = (
				en,
			);
			mainGroup = D8CE17171BAE220C00DE22DA;
			productRefGroup = D8CE17221BAE220C00DE22DA /* Products */;
			projectDirPath = "";
			projectRoot = "";
			targets = (
				D8CE17201BAE220C00DE22DA /* LMDB-Mac */,
			);
		};
/* End PBXProject section */

/* Begin PBXResourcesBuildPhase section */
		D8CE171F1BAE220C00DE22DA /* Resources */ = {
			isa = PBXResourcesBuildPhase;
			buildActionMask = 2147483647;
			files = (
			);
			runOnlyForDeploymentPostprocessing = 0;
		};
/* End PBXResourcesBuildPhase section */

/* Begin PBXSourcesBuildPhase section */
		D8CE171C1BAE220C00DE22DA /* Sources */ = {
			isa = PBXSourcesBuildPhase;
			buildActionMask = 2147483647;
			files = (
				D8CE17311BAE228F00DE22DA /* mdb.c in Sources */,
				D8CE17321BAE228F00DE22DA /* midl.c in Sources */,
			);
			runOnlyForDeploymentPostprocessing = 0;
		};
/* End PBXSourcesBuildPhase section */

/* Begin XCBuildConfiguration section */
		D8CE17271BAE220C00DE22DA /* Debug */ = {
			isa = XCBuildConfiguration;
			buildSettings = {
				ALWAYS_SEARCH_USER_PATHS = NO;
				CLANG_CXX_LANGUAGE_STANDARD = "gnu++0x";
				CLANG_CXX_LIBRARY = "libc++";
				CLANG_ENABLE_MODULES = YES;
				CLANG_ENABLE_OBJC_ARC = YES;
				CLANG_WARN_BOOL_CONVERSION = YES;
				CLANG_WARN_CONSTANT_CONVERSION = YES;
				CLANG_WARN_DIRECT_OBJC_ISA_USAGE = YES_ERROR;
				CLANG_WARN_EMPTY_BODY = YES;
				CLANG_WARN_ENUM_CONVERSION = YES;
				CLANG_WARN_INT_CONVERSION = YES;
				CLANG_WARN_OBJC_ROOT_CLASS = YES_ERROR;
				CLANG_WARN_UNREACHABLE_CODE = YES;
				CLANG_WARN__DUPLICATE_METHOD_MATCH = YES;
				COPY_PHASE_STRIP = NO;
				CURRENT_PROJECT_VERSION = 1;
				DEBUG_INFORMATION_FORMAT = dwarf;
				ENABLE_STRICT_OBJC_MSGSEND = YES;
				ENABLE_TESTABILITY = YES;
				GCC_C_LANGUAGE_STANDARD = gnu99;
				GCC_DYNAMIC_NO_PIC = NO;
				GCC_NO_COMMON_BLOCKS = YES;
				GCC_OPTIMIZATION_LEVEL = 0;
				GCC_PREPROCESSOR_DEFINITIONS = (
					"DEBUG=1",
					"$(inherited)",
				);
				GCC_WARN_64_TO_32_BIT_CONVERSION = YES;
				GCC_WARN_ABOUT_RETURN_TYPE = YES_ERROR;
				GCC_WARN_UNDECLARED_SELECTOR = YES;
				GCC_WARN_UNINITIALIZED_AUTOS = YES_AGGRESSIVE;
				GCC_WARN_UNUSED_FUNCTION = YES;
				GCC_WARN_UNUSED_VARIABLE = YES;
				MACOSX_DEPLOYMENT_TARGET = 10.10;
				MTL_ENABLE_DEBUG_INFO = YES;
				ONLY_ACTIVE_ARCH = YES;
				SDKROOT = macosx;
				VERSIONING_SYSTEM = "apple-generic";
				VERSION_INFO_PREFIX = "";
			};
			name = Debug;
		};
		D8CE17281BAE220C00DE22DA /* Release */ = {
			isa = XCBuildConfiguration;
			buildSettings = {
				ALWAYS_SEARCH_USER_PATHS = NO;
				CLANG_CXX_LANGUAGE_STANDARD = "gnu++0x";
				CLANG_CXX_LIBRARY = "libc++";
				CLANG_ENABLE_MODULES = YES;
				CLANG_ENABLE_OBJC_ARC = YES;
				CLANG_WARN_BOOL_CONVERSION = YES;
				CLANG_WARN_CONSTANT_CONVERSION = YES;
				CLANG_WARN_DIRECT_OBJC_ISA_USAGE = YES_ERROR;
				CLANG_WARN_EMPTY_BODY = YES;
				CLANG_WARN_ENUM_CONVERSION = YES;
				CLANG_WARN_INT_CONVERSION = YES;
				CLANG_WARN_OBJC_ROOT_CLASS = YES_ERROR;
				CLANG_WARN_UNREACHABLE_CODE = YES;
				CLANG_WARN__DUPLICATE_METHOD_MATCH = YES;
				COPY_PHASE_STRIP = NO;
				CURRENT_PROJECT_VERSION = 1;
				DEBUG_INFORMATION_FORMAT = "dwarf-with-dsym";
				ENABLE_NS_ASSERTIONS = NO;
				ENABLE_STRICT_OBJC_MSGSEND = YES;
				GCC_C_LANGUAGE_STANDARD = gnu99;
				GCC_NO_COMMON_BLOCKS = YES;
				GCC_WARN_64_TO_32_BIT_CONVERSION = YES;
				GCC_WARN_ABOUT_RETURN_TYPE = YES_ERROR;
				GCC_WARN_UNDECLARED_SELECTOR = YES;
				GCC_WARN_UNINITIALIZED_AUTOS = YES_AGGRESSIVE;
				GCC_WARN_UNUSED_FUNCTION = YES;
				GCC_WARN_UNUSED_VARIABLE = YES;
				MACOSX_DEPLOYMENT_TARGET = 10.10;
				MTL_ENABLE_DEBUG_INFO = NO;
				SDKROOT = macosx;
				VERSIONING_SYSTEM = "apple-generic";
				VERSION_INFO_PREFIX = "";
			};
			name = Release;
		};
		D8CE172A1BAE220C00DE22DA /* Debug */ = {
			isa = XCBuildConfiguration;
			buildSettings = {
				COMBINE_HIDPI_IMAGES = YES;
				DEFINES_MODULE = YES;
				DYLIB_COMPATIBILITY_VERSION = 1;
				DYLIB_CURRENT_VERSION = 1;
				DYLIB_INSTALL_NAME_BASE = "@rpath";
				FRAMEWORK_VERSION = A;
				INFOPLIST_FILE = "$(SRCROOT)/Source/Info.plist";
				INSTALL_PATH = "$(LOCAL_LIBRARY_DIR)/Frameworks";
				LD_RUNPATH_SEARCH_PATHS = "$(inherited) @executable_path/../Frameworks @loader_path/Frameworks";
				PRODUCT_BUNDLE_IDENTIFIER = me.neilpa.LMDB;
				PRODUCT_NAME = "$(PROJECT_NAME)";
				SKIP_INSTALL = YES;
			};
			name = Debug;
		};
		D8CE172B1BAE220C00DE22DA /* Release */ = {
			isa = XCBuildConfiguration;
			buildSettings = {
				COMBINE_HIDPI_IMAGES = YES;
				DEFINES_MODULE = YES;
				DYLIB_COMPATIBILITY_VERSION = 1;
				DYLIB_CURRENT_VERSION = 1;
				DYLIB_INSTALL_NAME_BASE = "@rpath";
				FRAMEWORK_VERSION = A;
				INFOPLIST_FILE = "$(SRCROOT)/Source/Info.plist";
				INSTALL_PATH = "$(LOCAL_LIBRARY_DIR)/Frameworks";
				LD_RUNPATH_SEARCH_PATHS = "$(inherited) @executable_path/../Frameworks @loader_path/Frameworks";
				PRODUCT_BUNDLE_IDENTIFIER = me.neilpa.LMDB;
				PRODUCT_NAME = "$(PROJECT_NAME)";
				SKIP_INSTALL = YES;
			};
			name = Release;
		};
/* End XCBuildConfiguration section */

/* Begin XCConfigurationList section */
		D8CE171B1BAE220C00DE22DA /* Build configuration list for PBXProject "LMDB" */ = {
			isa = XCConfigurationList;
			buildConfigurations = (
				D8CE17271BAE220C00DE22DA /* Debug */,
				D8CE17281BAE220C00DE22DA /* Release */,
			);
			defaultConfigurationIsVisible = 0;
			defaultConfigurationName = Release;
		};
		D8CE17291BAE220C00DE22DA /* Build configuration list for PBXNativeTarget "LMDB-Mac" */ = {
			isa = XCConfigurationList;
			buildConfigurations = (
				D8CE172A1BAE220C00DE22DA /* Debug */,
				D8CE172B1BAE220C00DE22DA /* Release */,
			);
			defaultConfigurationIsVisible = 0;
		};
/* End XCConfigurationList section */
	};
	rootObject = D8CE17181BAE220C00DE22DA /* Project object */;
}
